<?xml version="1.0" encoding="utf-8"?>
<Project ToolsVersion="4.0" xmlns="http://schemas.microsoft.com/developer/msbuild/2003">
  <ItemGroup>
    <Filter Include="Source Files">
      <UniqueIdentifier>{4FC737F1-C7A5-4376-A066-2A32D752A2FF}</UniqueIdentifier>
      <Extensions>cpp;c;cc;cxx;c++;cppm;ixx;def;odl;idl;hpj;bat;asm;asmx</Extensions>
    </Filter>
    <Filter Include="Header Files">
      <UniqueIdentifier>{93995380-89BD-4b04-88EB-625FBE52EBFB}</UniqueIdentifier>
      <Extensions>h;hh;hpp;hxx;h++;hm;inl;inc;ipp;xsd</Extensions>
    </Filter>
    <Filter Include="Resource Files">
      <UniqueIdentifier>{67DA6AB6-F800-4c08-8B7A-83BB121AAD01}</UniqueIdentifier>
      <Extensions>rc;ico;cur;bmp;dlg;rc2;rct;bin;rgs;gif;jpg;jpeg;jpe;resx;tiff;tif;png;wav;mfcribbon-ms</Extensions>
    </Filter>
  </ItemGroup>
  <ItemGroup>
    <ClInclude Include="Character\Character.h">
      <Filter>Header Files</Filter>
    </ClInclude>
    <ClInclude Include="Character\CharacterObserver.h">
      <Filter>Header Files</Filter>
    </ClInclude>
    <ClInclude Include="Dice\Dice.h">
      <Filter>Header Files</Filter>
    </ClInclude>
    <ClInclude Include="Item\Item.h">
      <Filter>Header Files</Filter>
    </ClInclude>
    <ClInclude Include="Map\Campaign.h">
      <Filter>Header Files</Filter>
    </ClInclude>
    <ClInclude Include="Map\Editor.h">
      <Filter>Header Files</Filter>
    </ClInclude>
    <ClInclude Include="Map\Map.h">
      <Filter>Header Files</Filter>
    </ClInclude>
    <ClInclude Include="Map\MapBuilder.h">
      <Filter>Header Files</Filter>
    </ClInclude>
    <ClInclude Include="Map\MapConnection.h">
      <Filter>Header Files</Filter>
    </ClInclude>
    <ClInclude Include="Map\MapEditorBuilder.h">
      <Filter>Header Files</Filter>
    </ClInclude>
    <ClInclude Include="Map\MapGameBuilder.h">
      <Filter>Header Files</Filter>
    </ClInclude>
    <ClInclude Include="Map\MapObserver.h">
      <Filter>Header Files</Filter>
    </ClInclude>
    <ClInclude Include="Observable.h">
      <Filter>Header Files</Filter>
    </ClInclude>
    <ClInclude Include="Observer.h">
      <Filter>Header Files</Filter>
    </ClInclude>
    <ClInclude Include="Test\TestCharacter.h">
      <Filter>Header Files</Filter>
    </ClInclude>
    <ClInclude Include="Test\TestDice.h">
      <Filter>Header Files</Filter>
    </ClInclude>
    <ClInclude Include="Test\TestItem.h">
      <Filter>Header Files</Filter>
    </ClInclude>
    <ClInclude Include="Test\TestMap.h">
      <Filter>Header Files</Filter>
    </ClInclude>
    <ClInclude Include="Test\TestMapEditorBuilder.h">
      <Filter>Header Files</Filter>
    </ClInclude>
    <ClInclude Include="Test\TestMapGameBuilder.h">
      <Filter>Header Files</Filter>
    </ClInclude>
    <ClInclude Include="Character\CharacterStrategy.h">
      <Filter>Header Files</Filter>
    </ClInclude>
    <ClInclude Include="Character\HumanPlayerStrategy.h">
      <Filter>Header Files</Filter>
    </ClInclude>
    <ClInclude Include="Character\FriendlyStrategy.h">
      <Filter>Header Files</Filter>
    </ClInclude>
    <ClInclude Include="LoggerObserver.h">
      <Filter>Header Files</Filter>
    </ClInclude>
    <ClInclude Include="LoggerObservable.h">
      <Filter>Header Files</Filter>
    </ClInclude>
  </ItemGroup>
  <ItemGroup>
    <ClCompile Include="Main.cpp">
      <Filter>Source Files</Filter>
    </ClCompile>
    <ClCompile Include="Character\Character.cpp">
      <Filter>Source Files</Filter>
    </ClCompile>
    <ClCompile Include="Character\CharacterObserver.cpp">
      <Filter>Source Files</Filter>
    </ClCompile>
    <ClCompile Include="Dice\Dice.cpp">
      <Filter>Source Files</Filter>
    </ClCompile>
    <ClCompile Include="Item\Item.cpp">
      <Filter>Source Files</Filter>
    </ClCompile>
    <ClCompile Include="Map\Campaign.cpp">
      <Filter>Source Files</Filter>
    </ClCompile>
    <ClCompile Include="Map\Editor.cpp">
      <Filter>Source Files</Filter>
    </ClCompile>
    <ClCompile Include="Map\Map.cpp">
      <Filter>Source Files</Filter>
    </ClCompile>
    <ClCompile Include="Map\MapEditorBuilder.cpp">
      <Filter>Source Files</Filter>
    </ClCompile>
    <ClCompile Include="Map\MapGameBuilder.cpp">
      <Filter>Source Files</Filter>
    </ClCompile>
    <ClCompile Include="Map\MapObserver.cpp">
      <Filter>Source Files</Filter>
    </ClCompile>
    <ClCompile Include="Observable.cpp">
      <Filter>Source Files</Filter>
    </ClCompile>
    <ClCompile Include="Observer.cpp">
      <Filter>Source Files</Filter>
    </ClCompile>
    <ClCompile Include="Test\TestCharacter.cpp">
      <Filter>Source Files</Filter>
    </ClCompile>
    <ClCompile Include="Test\TestDice.cpp">
      <Filter>Source Files</Filter>
    </ClCompile>
    <ClCompile Include="Test\TestItem.cpp">
      <Filter>Source Files</Filter>
    </ClCompile>
    <ClCompile Include="Test\TestMap.cpp">
      <Filter>Source Files</Filter>
    </ClCompile>
    <ClCompile Include="Test\TestMapEditorBuilder.cpp">
      <Filter>Source Files</Filter>
    </ClCompile>
    <ClCompile Include="Test\TestMapGameBuilder.cpp">
      <Filter>Source Files</Filter>
    </ClCompile>
<<<<<<< Updated upstream
=======
    <ClCompile Include="Character\CharacterBuilder.cpp">
      <Filter>Source Files</Filter>
    </ClCompile>
    <ClCompile Include="Character\CharacterDirector.cpp">
      <Filter>Source Files</Filter>
    </ClCompile>
    <ClCompile Include="LoggerObserver.cpp">
      <Filter>Source Files</Filter>
    </ClCompile>
    <ClCompile Include="LoggerObservable.cpp">
      <Filter>Source Files</Filter>
    </ClCompile>
>>>>>>> Stashed changes
  </ItemGroup>
  <ItemGroup>
    <Text Include="Test\test_map.txt" />
    <Text Include="game_log.txt" />
  </ItemGroup>
</Project>