<?xml version="1.0" encoding="utf-8"?>
<Project ToolsVersion="4.0" xmlns="http://schemas.microsoft.com/developer/msbuild/2003">
  <ItemGroup>
    <ClCompile Include="Character\AggressorStrategy.cpp" />
    <ClCompile Include="Character\Character.cpp" />
    <ClCompile Include="Character\CharacterBuilder.cpp" />
    <ClCompile Include="Character\CharacterDirector.cpp" />
    <ClCompile Include="Character\CharacterObserver.cpp" />
    <ClCompile Include="Character\CharacterUtils.cpp" />
    <ClCompile Include="Character\FighterCharacter.cpp" />
    <ClCompile Include="Character\FriendlyStrategy.cpp" />
    <ClCompile Include="Character\HumanPlayerStrategy.cpp" />
    <ClCompile Include="Dice\Dice.cpp" />
    <ClCompile Include="Item\Item.cpp" />
    <ClCompile Include="Item\Item2.cpp" />
    <ClCompile Include="Main.cpp" />
    <ClCompile Include="Map\Campaign.cpp" />
    <ClCompile Include="Map\Editor.cpp" />
    <ClCompile Include="LoggerObserver.cpp" />
    <ClCompile Include="Map\Map.cpp" />
    <ClCompile Include="Map\MapEditorBuilder.cpp" />
    <ClCompile Include="Map\MapGameBuilder.cpp" />
    <ClCompile Include="Map\MapObserver.cpp" />
    <ClCompile Include="LoggerObservable.cpp" />
    <ClCompile Include="Observable.cpp" />
    <ClCompile Include="Observer.cpp" />
    <ClCompile Include="Test\TestCharacter.cpp" />
    <ClCompile Include="Test\TestDice.cpp" />
    <ClCompile Include="Test\TestItem.cpp" />
    <ClCompile Include="Test\TestMap.cpp" />
    <ClCompile Include="Test\TestMapEditorBuilder.cpp" />
    <ClCompile Include="Test\TestMapGameBuilder.cpp" />
    <ClCompile Include="Gui.cpp" />
  </ItemGroup>
  <ItemGroup>
    <ClInclude Include="Character\AggressorStrategy.h" />
    <ClInclude Include="Character\Character.h" />
    <ClInclude Include="Character\CharacterBuilder.h" />
    <ClInclude Include="Character\CharacterDirector.h" />
    <ClInclude Include="Character\CharacterObserver.h" />
    <ClInclude Include="Character\CharacterStrategy.h" />
    <ClInclude Include="Character\CharacterUtils.h" />
    <ClInclude Include="Character\FighterCharacter.h" />
    <ClInclude Include="Character\FriendlyStrategy.h" />
    <ClInclude Include="Character\HumanPlayerStrategy.h" />
    <ClInclude Include="Dice\Dice.h" />
    <ClInclude Include="Item\Item.h" />
    <ClInclude Include="LoggerObserver.h" />
    <ClInclude Include="Item\Item2.h" />
    <ClInclude Include="Map\Campaign.h" />
    <ClInclude Include="Map\Editor.h" />
    <ClInclude Include="LoggerObservable.h" />
    <ClInclude Include="Map\Map.h" />
    <ClInclude Include="Map\MapBuilder.h" />
    <ClInclude Include="Map\MapConnection.h" />
    <ClInclude Include="Map\MapEditorBuilder.h" />
    <ClInclude Include="Map\MapGameBuilder.h" />
    <ClInclude Include="Map\MapObserver.h" />
    <ClInclude Include="Observable.h" />
    <ClInclude Include="Observer.h" />
    <ClInclude Include="Test\TestCharacter.h" />
    <ClInclude Include="Test\TestDice.h" />
    <ClInclude Include="Test\TestItem.h" />
    <ClInclude Include="Test\TestMap.h" />
    <ClInclude Include="Test\TestMapEditorBuilder.h" />
    <ClInclude Include="Test\TestMapGameBuilder.h" />
  </ItemGroup>
  <ItemGroup>
    <Text Include="game_log.txt" />
    <Text Include="Test\test_map.txt" />
  </ItemGroup>
  <ItemGroup>
    <Image Include="d20.jpg" />
  </ItemGroup>
  <ItemGroup>
    <Font Include="arial.ttf" />
  </ItemGroup>
</Project>